<?xml version="1.0" encoding="utf-8"?>
<Project ToolsVersion="4.0" xmlns="http://schemas.microsoft.com/developer/msbuild/2003">
  <ItemGroup>
    <Filter Include="소스 파일">
      <UniqueIdentifier>{4FC737F1-C7A5-4376-A066-2A32D752A2FF}</UniqueIdentifier>
      <Extensions>cpp;c;cc;cxx;c++;cppm;ixx;def;odl;idl;hpj;bat;asm;asmx</Extensions>
    </Filter>
    <Filter Include="헤더 파일">
      <UniqueIdentifier>{93995380-89BD-4b04-88EB-625FBE52EBFB}</UniqueIdentifier>
      <Extensions>h;hh;hpp;hxx;h++;hm;inl;inc;ipp;xsd</Extensions>
    </Filter>
    <Filter Include="리소스 파일">
      <UniqueIdentifier>{67DA6AB6-F800-4c08-8B7A-83BB121AAD01}</UniqueIdentifier>
      <Extensions>rc;ico;cur;bmp;dlg;rc2;rct;bin;rgs;gif;jpg;jpeg;jpe;resx;tiff;tif;png;wav;mfcribbon-ms</Extensions>
    </Filter>
    <Filter Include="소스 파일\Object and Scene">
      <UniqueIdentifier>{096820de-92f2-4a82-ad67-844bf3780209}</UniqueIdentifier>
    </Filter>
    <Filter Include="헤더 파일\Object and Scene">
      <UniqueIdentifier>{df998594-a0d3-4773-8860-05400886f515}</UniqueIdentifier>
    </Filter>
    <Filter Include="소스 파일\Component">
      <UniqueIdentifier>{986f49a5-e03e-4cc9-bd12-f034ddf04273}</UniqueIdentifier>
    </Filter>
    <Filter Include="헤더 파일\Component">
      <UniqueIdentifier>{8a350598-8af9-4ac2-a199-63771cede43d}</UniqueIdentifier>
    </Filter>
    <Filter Include="헤더 파일\Render">
      <UniqueIdentifier>{458c5c9d-28a8-4a6b-8712-a173e37eceaf}</UniqueIdentifier>
    </Filter>
    <Filter Include="소스 파일\Render">
      <UniqueIdentifier>{9e7fd433-2d45-4830-8ccc-75ecb5be01bd}</UniqueIdentifier>
    </Filter>
    <Filter Include="헤더 파일\Render\Interface">
      <UniqueIdentifier>{bc67a2f0-2758-4437-86ba-80542abbd667}</UniqueIdentifier>
    </Filter>
    <Filter Include="소스 파일\Render\Create">
      <UniqueIdentifier>{75a282f1-afa6-47a1-be27-54df3bf2a594}</UniqueIdentifier>
    </Filter>
    <Filter Include="헤더 파일\Render\OpenGL">
      <UniqueIdentifier>{3976324c-3038-4932-a971-d13df1dec45a}</UniqueIdentifier>
    </Filter>
    <Filter Include="소스 파일\Render\OpenGL">
      <UniqueIdentifier>{59a3cb6b-f8b9-4819-b6b1-38886bc19273}</UniqueIdentifier>
    </Filter>
  </ItemGroup>
  <ItemGroup>
    <ClInclude Include="Time.h">
      <Filter>헤더 파일</Filter>
    </ClInclude>
    <ClInclude Include="Transform.h">
      <Filter>헤더 파일</Filter>
    </ClInclude>
    <ClInclude Include="Input.h">
      <Filter>헤더 파일</Filter>
    </ClInclude>
    <ClInclude Include="Create_OpenGL.h">
      <Filter>헤더 파일\Render\OpenGL</Filter>
    </ClInclude>
    <ClInclude Include="Interface\ICamera.h">
      <Filter>헤더 파일\Render\Interface</Filter>
    </ClInclude>
    <ClInclude Include="Interface\ICreate_Render.h">
      <Filter>헤더 파일\Render\Interface</Filter>
    </ClInclude>
    <ClInclude Include="Interface\IMesh.h">
      <Filter>헤더 파일\Render\Interface</Filter>
    </ClInclude>
    <ClInclude Include="Interface\IModel.h">
      <Filter>헤더 파일\Render\Interface</Filter>
    </ClInclude>
    <ClInclude Include="Interface\IRender.h">
      <Filter>헤더 파일\Render\Interface</Filter>
    </ClInclude>
    <ClInclude Include="OpenGL\Header\GL_Camera.h">
      <Filter>헤더 파일\Render\OpenGL</Filter>
    </ClInclude>
    <ClInclude Include="OpenGL\Header\GL_Light.h">
      <Filter>헤더 파일\Render\OpenGL</Filter>
    </ClInclude>
    <ClInclude Include="OpenGL\Header\GL_Material.h">
      <Filter>헤더 파일\Render\OpenGL</Filter>
    </ClInclude>
    <ClInclude Include="OpenGL\Header\GL_Mesh.h">
      <Filter>헤더 파일\Render\OpenGL</Filter>
    </ClInclude>
    <ClInclude Include="OpenGL\Header\GL_MeshData.h">
      <Filter>헤더 파일\Render\OpenGL</Filter>
    </ClInclude>
    <ClInclude Include="OpenGL\Header\GL_Model.h">
      <Filter>헤더 파일\Render\OpenGL</Filter>
    </ClInclude>
    <ClInclude Include="OpenGL\Header\GL_OBJLoader.h">
      <Filter>헤더 파일\Render\OpenGL</Filter>
    </ClInclude>
    <ClInclude Include="OpenGL\Header\GL_Shader.h">
      <Filter>헤더 파일\Render\OpenGL</Filter>
    </ClInclude>
    <ClInclude Include="OpenGL\Header\GL_Texture.h">
      <Filter>헤더 파일\Render\OpenGL</Filter>
    </ClInclude>
    <ClInclude Include="OpenGL\Header\GL_Vertex.h">
      <Filter>헤더 파일\Render\OpenGL</Filter>
    </ClInclude>
    <ClInclude Include="OpenGL\Header\OpenGL_H.h">
      <Filter>헤더 파일\Render\OpenGL</Filter>
    </ClInclude>
    <ClInclude Include="OpenGL\Header\Reander_OpenGL.h">
      <Filter>헤더 파일\Render\OpenGL</Filter>
    </ClInclude>
    <ClInclude Include="OpenGL\Header\Animator.h">
      <Filter>헤더 파일</Filter>
    </ClInclude>
    <ClInclude Include="Interface\ITexture.h">
      <Filter>헤더 파일</Filter>
    </ClInclude>
    <ClInclude Include="Object\Header\GameObject.h">
      <Filter>헤더 파일\Object and Scene</Filter>
    </ClInclude>
    <ClInclude Include="Object\Header\Monobehavior.h">
      <Filter>헤더 파일</Filter>
    </ClInclude>
    <ClInclude Include="Object\Header\Scene.h">
      <Filter>헤더 파일\Object and Scene</Filter>
    </ClInclude>
    <ClInclude Include="collision.h">
      <Filter>헤더 파일</Filter>
    </ClInclude>
  </ItemGroup>
  <ItemGroup>
    <ClCompile Include="Time.cpp">
      <Filter>소스 파일</Filter>
    </ClCompile>
    <ClCompile Include="Transform.cpp">
      <Filter>소스 파일</Filter>
    </ClCompile>
    <ClCompile Include="Create_OpenGL.cpp">
      <Filter>소스 파일\Render\OpenGL</Filter>
    </ClCompile>
    <ClCompile Include="Interface\ICamera.cpp">
      <Filter>소스 파일\Render</Filter>
    </ClCompile>
    <ClCompile Include="Input.cpp">
      <Filter>소스 파일</Filter>
    </ClCompile>
    <ClCompile Include="OpenGL\scp\GL_Camera.cpp">
      <Filter>소스 파일\Render\OpenGL</Filter>
    </ClCompile>
    <ClCompile Include="OpenGL\scp\GL_Light.cpp">
      <Filter>소스 파일\Render\OpenGL</Filter>
    </ClCompile>
    <ClCompile Include="OpenGL\scp\GL_Material.cpp">
      <Filter>소스 파일\Render\OpenGL</Filter>
    </ClCompile>
    <ClCompile Include="OpenGL\scp\GL_Mesh.cpp">
      <Filter>소스 파일\Render\OpenGL</Filter>
    </ClCompile>
    <ClCompile Include="OpenGL\scp\GL_MeshData.cpp">
      <Filter>소스 파일\Render\OpenGL</Filter>
    </ClCompile>
    <ClCompile Include="OpenGL\scp\GL_Model.cpp">
      <Filter>소스 파일\Render\OpenGL</Filter>
    </ClCompile>
    <ClCompile Include="OpenGL\scp\GL_Shader.cpp">
      <Filter>소스 파일\Render\OpenGL</Filter>
    </ClCompile>
    <ClCompile Include="OpenGL\scp\GL_Texture.cpp">
      <Filter>소스 파일\Render\OpenGL</Filter>
    </ClCompile>
    <ClCompile Include="OpenGL\scp\Reander_OpenGL.cpp">
      <Filter>소스 파일\Render\OpenGL</Filter>
    </ClCompile>
    <ClCompile Include="OpenGL\scp\Animator.cpp">
      <Filter>소스 파일</Filter>
    </ClCompile>
    <ClCompile Include="Object\Scp\GameObject.cpp">
      <Filter>소스 파일\Object and Scene</Filter>
    </ClCompile>
    <ClCompile Include="Object\Scp\Monobehavior.cpp">
      <Filter>소스 파일</Filter>
    </ClCompile>
    <ClCompile Include="Object\Scp\Scene.cpp">
      <Filter>소스 파일\Object and Scene</Filter>
    </ClCompile>
    <ClCompile Include="collision.cpp">
      <Filter>소스 파일</Filter>
    </ClCompile>
  </ItemGroup>
</Project>